
Microsoft Visual Studio Solution File, Format Version 12.00
# Visual Studio Version 17
VisualStudioVersion = 17.7.34024.191
MinimumVisualStudioVersion = 10.0.40219.1
Project("{FAE04EC0-301F-11D3-BF4B-00C04F79EFBC}") = "GenericCollectionsLabb8", "GenericCollectionsLabb8.csproj", "{9CF0D6C2-014A-496B-981B-FDE0080F69BB}"
EndProject
Global
	GlobalSection(SolutionConfigurationPlatforms) = preSolution
		Debug|Any CPU = Debug|Any CPU
		Release|Any CPU = Release|Any CPU
	EndGlobalSection
	GlobalSection(ProjectConfigurationPlatforms) = postSolution
		{9CF0D6C2-014A-496B-981B-FDE0080F69BB}.Debug|Any CPU.ActiveCfg = Debug|Any CPU
		{9CF0D6C2-014A-496B-981B-FDE0080F69BB}.Debug|Any CPU.Build.0 = Debug|Any CPU
		{9CF0D6C2-014A-496B-981B-FDE0080F69BB}.Release|Any CPU.ActiveCfg = Release|Any CPU
		{9CF0D6C2-014A-496B-981B-FDE0080F69BB}.Release|Any CPU.Build.0 = Release|Any CPU
	EndGlobalSection
	GlobalSection(SolutionProperties) = preSolution
		HideSolutionNode = FALSE
	EndGlobalSection
	GlobalSection(ExtensibilityGlobals) = postSolution
		SolutionGuid = {83EE1CCF-6360-4FB5-A24E-623ACBE459E3}
	EndGlobalSection
EndGlobal
